{
    "_meta": {
        "hash": {
            "sha256": "b1ef216909ecd221c65b0f6a98c205c05231b2be044a5b050dbe4fdca8f6643e"
        },
        "pipfile-spec": 6,
        "requires": {
            "python_version": "3.7"
        },
        "sources": [
            {
                "name": "pypi",
                "url": "https://pypi.org/simple",
                "verify_ssl": true
            }
        ]
    },
    "default": {
        "lxml": {
            "hashes": [
                "sha256:0537eee4902e8bf4f41bfee8133f7edf96533dd175930a12086d6a40d62376b2",
                "sha256:0562ec748abd230ab87d73384e08fa784f9b9cee89e28696087d2d22c052cc27",
                "sha256:09e91831e749fbf0f24608694e4573be0ef51430229450c39c83176cc2e2d353",
                "sha256:1ae4c0722fc70c0d4fba43ae33c2885f705e96dce1db41f75ae14a2d2749b428",
                "sha256:1c630c083d782cbaf1f7f37f6cac87bda9cff643cf2803a5f180f30d97955cef",
                "sha256:2fe74e3836bd8c0fa7467ffae05545233c7f37de1eb765cacfda15ad20c6574a",
                "sha256:37af783c2667ead34a811037bda56a0b142ac8438f7ed29ae93f82ddb812fbd6",
                "sha256:3f2d9eafbb0b24a33f56acd16f39fc935756524dcb3172892721c54713964c70",
                "sha256:47d8365a8ef14097aa4c65730689be51851b4ade677285a3b2daa03b37893e26",
                "sha256:510e904079bc56ea784677348e151e1156040dbfb736f1d8ea4b9e6d0ab2d9f4",
                "sha256:58d0851da422bba31c7f652a7e9335313cf94a641aa6d73b8f3c67602f75b593",
                "sha256:7940d5c2185ffb989203dacbb28e6ae88b4f1bb25d04e17f94b0edd82232bcbd",
                "sha256:7cf39bb3a905579836f7a8f3a45320d9eb22f16ab0c1e112efb940ced4d057a5",
                "sha256:9563a23c1456c0ab550c087833bc13fcc61013a66c6420921d5b70550ea312bf",
                "sha256:95b392952935947e0786a90b75cc33388549dcb19af716b525dae65b186138fc",
                "sha256:983129f3fd3cef5c3cf067adcca56e30a169656c00fcc6c648629dbb850b27fa",
                "sha256:a0b75b1f1854771844c647c464533def3e0a899dd094a85d1d4ed72ecaaee93d",
                "sha256:b5db89cc0ef624f3a81214b7961a99f443b8c91e88188376b6b322fd10d5b118",
                "sha256:c0a7751ba1a4bfbe7831920d98cee3ce748007eab8dfda74593d44079568219a",
                "sha256:c0c5a7d4aafcc30c9b6d8613a362567e32e5f5b708dc41bc3a81dac56f8af8bb",
                "sha256:d4d63d85eacc6cb37b459b16061e1f100d154bee89dc8d8f9a6128a5a538e92e",
                "sha256:da5e7e941d6e71c9c9a717c93725cda0708c2474f532e3680ac5e39ec57d224d",
                "sha256:dccad2b3c583f036f43f80ac99ee212c2fa9a45151358d55f13004d095e683b2",
                "sha256:df46307d39f2aeaafa1d25309b8a8d11738b73e9861f72d4d0a092528f498baa",
                "sha256:e70b5e1cb48828ddd2818f99b1662cb9226dc6f57d07fc75485405c77da17436",
                "sha256:ea825562b8cd057cbc9810d496b8b5dec37a1e2fc7b27bc7c1e72ce94462a09a"
            ],
            "version": "==4.3.1"
        },
        "pyang": {
            "hashes": [
                "sha256:bcf5ffa3a2521e783587a9d5947a7ead6ecb69ec42cdccb3753982aaa1b9b2c3",
                "sha256:f04d9639193f87f5a929fe71bdc404b61383cf28dd15912da7a37a0ea607e335"
            ],
            "index": "pypi",
            "version": "==1.7.8"
        }
    },
    "develop": {
        "appnope": {
            "hashes": [
                "sha256:5b26757dc6f79a3b7dc9fab95359328d5747fcb2409d331ea66d0272b90ab2a0",
                "sha256:8b995ffe925347a2138d7ac0fe77155e4311a0ea6d6da4f5128fe4b3cbe5ed71"
            ],
            "markers": "sys_platform == 'darwin'",
            "version": "==0.1.0"
        },
        "backcall": {
            "hashes": [
                "sha256:38ecd85be2c1e78f77fd91700c76e14667dc21e2713b63876c0eb901196e01e4",
                "sha256:bbbf4b1e5cd2bdb08f915895b51081c041bac22394fdfcfdfbe9f14b77c08bf2"
            ],
            "version": "==0.1.0"
        },
        "decorator": {
            "hashes": [
                "sha256:33cd704aea07b4c28b3eb2c97d288a06918275dac0ecebdaf1bc8a48d98adb9e",
                "sha256:cabb249f4710888a2fc0e13e9a16c343d932033718ff62e1e9bc93a9d3a9122b"
            ],
            "version": "==4.3.2"
        },
        "ipython": {
            "hashes": [
                "sha256:6a9496209b76463f1dec126ab928919aaf1f55b38beb9219af3fe202f6bbdd12",
                "sha256:f69932b1e806b38a7818d9a1e918e5821b685715040b48e59c657b3c7961b742"
            ],
            "index": "pypi",
            "version": "==7.2.0"
        },
        "ipython-genutils": {
            "hashes": [
                "sha256:72dd37233799e619666c9f639a9da83c34013a73e8bbc79a7a6348d93c61fab8",
                "sha256:eb2e116e75ecef9d4d228fdc66af54269afa26ab4463042e33785b887c628ba8"
            ],
            "version": "==0.2.0"
        },
        "jedi": {
            "hashes": [
                "sha256:571702b5bd167911fe9036e5039ba67f820d6502832285cde8c881ab2b2149fd",
                "sha256:c8481b5e59d34a5c7c42e98f6625e633f6ef59353abea6437472c7ec2093f191"
            ],
            "version": "==0.13.2"
        },
        "parso": {
            "hashes": [
                "sha256:6ecf7244be8e7283ec9009c72d074830e7e0e611c974f813d76db0390a4e0dd6",
                "sha256:8162be7570ffb34ec0b8d215d7f3b6c5fab24f51eb3886d6dee362de96b6db94"
            ],
            "version": "==0.3.3"
        },
        "pexpect": {
            "hashes": [
                "sha256:2a8e88259839571d1251d278476f3eec5db26deb73a70be5ed5dc5435e418aba",
                "sha256:3fbd41d4caf27fa4a377bfd16fef87271099463e6fa73e92a52f92dfee5d425b"
            ],
            "markers": "sys_platform != 'win32'",
            "version": "==4.6.0"
        },
        "pickleshare": {
            "hashes": [
                "sha256:87683d47965c1da65cdacaf31c8441d12b8044cdec9aca500cd78fc2c683afca",
                "sha256:9649af414d74d4df115d5d718f82acb59c9d418196b7b4290ed47a12ce62df56"
            ],
            "version": "==0.7.5"
        },
        "prompt-toolkit": {
            "hashes": [
                "sha256:88002cc618cacfda8760c4539e76c3b3f148ecdb7035a3d422c7ecdc90c2a3ba",
                "sha256:c6655a12e9b08edb8cf5aeab4815fd1e1bdea4ad73d3bbf269cf2e0c4eb75d5e",
                "sha256:df5835fb8f417aa55e5cafadbaeb0cf630a1e824aad16989f9f0493e679ec010"
            ],
            "version": "==2.0.8"
        },
        "ptyprocess": {
            "hashes": [
                "sha256:923f299cc5ad920c68f2bc0bc98b75b9f838b93b599941a6b63ddbc2476394c0",
                "sha256:d7cc528d76e76342423ca640335bd3633420dc1366f258cb31d05e865ef5ca1f"
            ],
            "version": "==0.6.0"
        },
        "pygments": {
            "hashes": [
                "sha256:5ffada19f6203563680669ee7f53b64dabbeb100eb51b61996085e99c03b284a",
                "sha256:e8218dd399a61674745138520d0d4cf2621d7e032439341bc3f647bff125818d"
            ],
            "version": "==2.3.1"
        },
        "six": {
            "hashes": [
                "sha256:3350809f0555b11f552448330d0b52d5f24c91a322ea4a15ef22629740f3761c",
                "sha256:d16a0141ec1a18405cd4ce8b4613101da75da0e9a7aec5bdd4fa804d0e0eba73"
            ],
            "version": "==1.12.0"
        },
        "traitlets": {
            "hashes": [
                "sha256:9c4bd2d267b7153df9152698efb1050a5d84982d3384a37b2c1f7723ba3e7835",
                "sha256:c6cb5e6f57c5a9bdaa40fa71ce7b4af30298fbab9ece9815b5d995ab6217c7d9"
            ],
            "version": "==4.3.2"
        },
        "wcwidth": {
            "hashes": [
                "sha256:3df37372226d6e63e1b1e1eda15c594bca98a22d33a23832a90998faa96bc65e",
                "sha256:f4ebe71925af7b40a864553f761ed559b43544f8f71746c2d756c7fe788ade7c"
            ],
            "version": "==0.1.7"
        }
    }
}
